{
  "version": 4,
  "terraform_version": "1.0.3",
  "serial": 33,
  "lineage": "5852cf6d-fd4c-91c2-c885-a8d66458ecb3",
  "outputs": {
    "admin_password": {
      "value": "9EDnXgc2C5mhmPzOHQ3r53NMUntzVewwiq2LJEp6jJPgLNjbqDntFRkW",
      "type": "string",
      "sensitive": true
    }
  },
  "resources": [
    {
      "mode": "data",
      "type": "kubernetes_namespace",
      "name": "flame",
      "provider": "provider[\"registry.terraform.io/hashicorp/kubernetes\"]",
      "instances": [
        {
          "schema_version": 0,
          "attributes": {
            "id": "flame",
            "metadata": [
              {
                "annotations": {},
                "generation": 0,
                "labels": {},
                "name": "flame",
                "resource_version": "6283259",
                "uid": "7694aab1-e49b-4e59-a810-093a6168cce6"
              }
            ],
            "spec": [
              {
                "finalizers": [
                  "kubernetes"
                ]
              }
            ]
          },
          "sensitive_attributes": []
        }
      ]
    },
    {
      "mode": "managed",
      "type": "kubernetes_ingress_v1",
      "name": "flame_ingress",
      "provider": "provider[\"registry.terraform.io/hashicorp/kubernetes\"]",
      "instances": [
        {
          "schema_version": 0,
          "attributes": {
            "id": "flame/flame-ingress",
            "metadata": [
              {
                "annotations": {
                  "cert-manager.io/cluster-issuer": "letsencrypt-gcp-homelab"
                },
                "generate_name": "",
                "generation": 4,
                "labels": {},
                "name": "flame-ingress",
                "namespace": "flame",
                "resource_version": "6289818",
                "uid": "e853a2fc-5b00-4c7b-9a3c-8b953c4a402d"
              }
            ],
            "spec": [
              {
                "default_backend": [
                  {
                    "resource": [],
                    "service": [
                      {
                        "name": "flame-svc",
                        "port": [
                          {
                            "name": 0,
                            "number": 8001
                          }
                        ]
                      }
                    ]
                  }
                ],
                "ingress_class_name": "",
                "rule": [
                  {
                    "host": "flame.strodrig.dev",
                    "http": [
                      {
                        "path": [
                          {
                            "backend": [
                              {
                                "resource": [],
                                "service": [
                                  {
                                    "name": "flame-svc",
                                    "port": [
                                      {
                                        "name": 0,
                                        "number": 8001
                                      }
                                    ]
                                  }
                                ]
                              }
                            ],
                            "path": "/",
                            "path_type": "ImplementationSpecific"
                          }
                        ]
                      }
                    ]
                  }
                ],
                "tls": [
                  {
                    "hosts": [
                      "flame.strodrig.dev"
                    ],
                    "secret_name": "flame-ingress-cert-secret"
                  }
                ]
              }
            ],
            "status": [
              {
                "load_balancer": [
                  {
                    "ingress": [
                      {
                        "hostname": "",
                        "ip": "192.168.87.100"
                      },
                      {
                        "hostname": "",
                        "ip": "192.168.87.200"
                      },
                      {
                        "hostname": "",
                        "ip": "192.168.87.201"
                      }
                    ]
                  }
                ]
              }
            ],
            "wait_for_load_balancer": true
          },
          "sensitive_attributes": [],
          "private": "bnVsbA==",
          "dependencies": [
            "data.kubernetes_namespace.flame",
            "kubernetes_service.flame-svc"
          ]
        }
      ]
    },
    {
      "mode": "managed",
      "type": "kubernetes_persistent_volume",
      "name": "app",
      "provider": "provider[\"registry.terraform.io/hashicorp/kubernetes\"]",
      "instances": [
        {
          "schema_version": 0,
          "attributes": {
            "id": "flame-app-volume",
            "metadata": [
              {
                "annotations": {},
                "generation": 0,
                "labels": {},
                "name": "flame-app-volume",
                "resource_version": "6283301",
                "uid": "2d636fec-6e69-4bd4-99a0-e8d9e6e34f10"
              }
            ],
            "spec": [
              {
                "access_modes": [
                  "ReadWriteOnce"
                ],
                "capacity": {
                  "storage": "5Gi"
                },
                "claim_ref": [
                  {
                    "name": "flame-app-pvc-claim",
                    "namespace": "flame"
                  }
                ],
                "mount_options": [],
                "node_affinity": [],
                "persistent_volume_reclaim_policy": "Retain",
                "persistent_volume_source": [
                  {
                    "aws_elastic_block_store": [],
                    "azure_disk": [],
                    "azure_file": [],
                    "ceph_fs": [],
                    "cinder": [],
                    "csi": [],
                    "fc": [],
                    "flex_volume": [],
                    "flocker": [],
                    "gce_persistent_disk": [],
                    "glusterfs": [],
                    "host_path": [
                      {
                        "path": "/var/lib/rancher/k3s/storage/pvc-flame-app",
                        "type": "DirectoryOrCreate"
                      }
                    ],
                    "iscsi": [],
                    "local": [],
                    "nfs": [],
                    "photon_persistent_disk": [],
                    "quobyte": [],
                    "rbd": [],
                    "vsphere_volume": []
                  }
                ],
                "storage_class_name": "local-path",
                "volume_mode": "Filesystem"
              }
            ],
            "timeouts": null
          },
          "sensitive_attributes": [],
          "private": "eyJlMmJmYjczMC1lY2FhLTExZTYtOGY4OC0zNDM2M2JjN2M0YzAiOnsiY3JlYXRlIjozMDAwMDAwMDAwMDB9fQ=="
        }
      ]
    },
    {
      "mode": "managed",
      "type": "kubernetes_persistent_volume_claim",
      "name": "app",
      "provider": "provider[\"registry.terraform.io/hashicorp/kubernetes\"]",
      "instances": [
        {
          "schema_version": 0,
          "attributes": {
            "id": "flame/flame-app-pvc-claim",
            "metadata": [
              {
                "annotations": {},
                "generate_name": "",
                "generation": 0,
                "labels": {},
                "name": "flame-app-pvc-claim",
                "namespace": "flame",
                "resource_version": "6283307",
                "uid": "14e6d594-bdc2-4cb3-9557-27f2cc9c304a"
              }
            ],
            "spec": [
              {
                "access_modes": [
                  "ReadWriteOnce"
                ],
                "resources": [
                  {
                    "limits": {
                      "storage": "5Gi"
                    },
                    "requests": {
                      "storage": "5Gi"
                    }
                  }
                ],
                "selector": [],
                "storage_class_name": "local-path",
                "volume_name": "flame-app-volume"
              }
            ],
            "timeouts": null,
            "wait_until_bound": true
          },
          "sensitive_attributes": [],
          "private": "eyJlMmJmYjczMC1lY2FhLTExZTYtOGY4OC0zNDM2M2JjN2M0YzAiOnsiY3JlYXRlIjozMDAwMDAwMDAwMDB9fQ==",
          "dependencies": [
            "kubernetes_persistent_volume.app",
            "data.kubernetes_namespace.flame"
          ]
        }
      ]
    },
    {
      "mode": "managed",
      "type": "kubernetes_secret",
      "name": "app",
      "provider": "provider[\"registry.terraform.io/hashicorp/kubernetes\"]",
      "instances": [
        {
          "schema_version": 0,
          "attributes": {
            "binary_data": null,
            "data": {
              "PASSWORD": "9EDnXgc2C5mhmPzOHQ3r53NMUntzVewwiq2LJEp6jJPgLNjbqDntFRkW"
            },
            "id": "flame/flame-secrets",
            "immutable": false,
            "metadata": [
              {
                "annotations": {},
                "generate_name": "",
                "generation": 0,
                "labels": {},
                "name": "flame-secrets",
                "namespace": "flame",
                "resource_version": "6283273",
                "uid": "5d2516d5-b553-4e40-b5c8-3789d72c9736"
              }
            ],
            "type": "Opaque"
          },
          "sensitive_attributes": [
            [
              {
                "type": "get_attr",
                "value": "data"
              },
              {
                "type": "index",
                "value": {
                  "value": "PASSWORD",
                  "type": "string"
                }
              }
            ]
          ],
          "private": "bnVsbA==",
          "dependencies": [
            "data.kubernetes_namespace.flame",
            "random_password.admin_password"
          ]
        }
      ]
    },
    {
      "mode": "managed",
      "type": "kubernetes_service",
      "name": "flame-svc",
      "provider": "provider[\"registry.terraform.io/hashicorp/kubernetes\"]",
      "instances": [
        {
          "schema_version": 1,
          "attributes": {
            "id": "flame/flame-svc",
            "metadata": [
              {
                "annotations": {},
                "generate_name": "",
                "generation": 0,
                "labels": {},
                "name": "flame-svc",
                "namespace": "flame",
                "resource_version": "6286463",
                "uid": "50104847-6852-43f3-9a8d-52b44d3f6bf6"
              }
            ],
            "spec": [
              {
                "cluster_ip": "10.43.21.188",
                "external_ips": [],
                "external_name": "",
                "external_traffic_policy": "Cluster",
                "health_check_node_port": 0,
                "load_balancer_ip": "",
                "load_balancer_source_ranges": [],
                "port": [
                  {
                    "name": "app",
                    "node_port": 30335,
                    "port": 8001,
                    "protocol": "TCP",
                    "target_port": "5005"
                  }
                ],
                "publish_not_ready_addresses": false,
                "selector": {
                  "app": "flame"
                },
                "session_affinity": "None",
                "type": "LoadBalancer"
              }
            ],
            "status": [
              {
                "load_balancer": [
                  {
                    "ingress": [
                      {
                        "hostname": "",
                        "ip": "192.168.87.100"
                      },
                      {
                        "hostname": "",
                        "ip": "192.168.87.200"
                      },
                      {
                        "hostname": "",
                        "ip": "192.168.87.201"
                      }
                    ]
                  }
                ]
              }
            ],
            "timeouts": null,
            "wait_for_load_balancer": true
          },
          "sensitive_attributes": [],
          "private": "eyJlMmJmYjczMC1lY2FhLTExZTYtOGY4OC0zNDM2M2JjN2M0YzAiOnsiY3JlYXRlIjo2MDAwMDAwMDAwMDB9LCJzY2hlbWFfdmVyc2lvbiI6IjEifQ==",
          "dependencies": [
            "data.kubernetes_namespace.flame"
          ]
        }
      ]
    },
    {
      "mode": "managed",
      "type": "kubernetes_service_account",
      "name": "app",
      "provider": "provider[\"registry.terraform.io/hashicorp/kubernetes\"]",
      "instances": [
        {
          "schema_version": 0,
          "attributes": {
            "automount_service_account_token": true,
            "default_secret_name": "flame-svc-account-token-7wphz",
            "id": "flame/flame-svc-account",
            "image_pull_secret": [],
            "metadata": [
              {
                "annotations": {},
                "generate_name": "",
                "generation": 0,
                "labels": {},
                "name": "flame-svc-account",
                "namespace": "flame",
                "resource_version": "6283281",
                "uid": "0641f0fb-3962-4e4a-8d97-c5fa5516fd2d"
              }
            ],
            "secret": [],
            "timeouts": null
          },
          "sensitive_attributes": [],
          "private": "eyJlMmJmYjczMC1lY2FhLTExZTYtOGY4OC0zNDM2M2JjN2M0YzAiOnsiY3JlYXRlIjozMDAwMDAwMDAwMH19",
          "dependencies": [
            "data.kubernetes_namespace.flame"
          ]
        }
      ]
    },
    {
      "mode": "managed",
      "type": "kubernetes_stateful_set",
      "name": "flame",
      "provider": "provider[\"registry.terraform.io/hashicorp/kubernetes\"]",
      "instances": [
        {
          "schema_version": 1,
          "attributes": {
            "id": "flame/flame",
            "metadata": [
              {
                "annotations": {},
                "generate_name": "",
                "generation": 1,
                "labels": {},
                "name": "flame",
                "namespace": "flame",
                "resource_version": "6283395",
                "uid": "1f9f4d25-a388-4699-8a4a-4286f77b9385"
              }
            ],
            "spec": [
              {
                "pod_management_policy": "OrderedReady",
                "replicas": "1",
                "revision_history_limit": 5,
                "selector": [
                  {
                    "match_expressions": [],
                    "match_labels": {
                      "app": "flame"
                    }
                  }
                ],
                "service_name": "flame-svc",
                "template": [
                  {
                    "metadata": [
                      {
                        "annotations": {},
                        "generate_name": "",
                        "generation": 0,
                        "labels": {
                          "app": "flame"
                        },
                        "name": "",
                        "resource_version": "",
                        "uid": ""
                      }
                    ],
                    "spec": [
                      {
                        "active_deadline_seconds": 0,
                        "affinity": [],
                        "automount_service_account_token": true,
                        "container": [
                          {
                            "args": [],
                            "command": [],
                            "env": [],
                            "env_from": [
                              {
                                "config_map_ref": [],
                                "prefix": "",
                                "secret_ref": [
                                  {
                                    "name": "flame-secrets",
                                    "optional": false
                                  }
                                ]
                              }
                            ],
                            "image": "pawelmalak/flame:2.1.0",
                            "image_pull_policy": "IfNotPresent",
                            "lifecycle": [],
                            "liveness_probe": [],
                            "name": "flame",
                            "port": [
                              {
                                "container_port": 5005,
                                "host_ip": "",
                                "host_port": 0,
                                "name": "app",
                                "protocol": "TCP"
                              }
                            ],
                            "readiness_probe": [],
                            "resources": [
                              {
                                "limits": {
                                  "cpu": "200m",
                                  "memory": "128Mi"
                                },
                                "requests": {}
                              }
                            ],
                            "security_context": [],
                            "startup_probe": [],
                            "stdin": false,
                            "stdin_once": false,
                            "termination_message_path": "/dev/termination-log",
                            "termination_message_policy": "File",
                            "tty": false,
                            "volume_mount": [
                              {
                                "mount_path": "/app/data",
                                "mount_propagation": "None",
                                "name": "app-data",
                                "read_only": false,
                                "sub_path": ""
                              }
                            ],
                            "working_dir": ""
                          }
                        ],
                        "dns_config": [],
                        "dns_policy": "ClusterFirst",
                        "enable_service_links": true,
                        "host_aliases": [],
                        "host_ipc": false,
                        "host_network": false,
                        "host_pid": false,
                        "hostname": "",
                        "image_pull_secrets": [],
                        "init_container": [],
                        "node_name": "",
                        "node_selector": {},
                        "priority_class_name": "",
                        "readiness_gate": [],
                        "restart_policy": "Always",
                        "security_context": [],
                        "service_account_name": "flame-svc-account",
                        "share_process_namespace": false,
                        "subdomain": "",
                        "termination_grace_period_seconds": 30,
                        "toleration": [],
                        "topology_spread_constraint": [],
                        "volume": [
                          {
                            "aws_elastic_block_store": [],
                            "azure_disk": [],
                            "azure_file": [],
                            "ceph_fs": [],
                            "cinder": [],
                            "config_map": [],
                            "csi": [],
                            "downward_api": [],
                            "empty_dir": [],
                            "fc": [],
                            "flex_volume": [],
                            "flocker": [],
                            "gce_persistent_disk": [],
                            "git_repo": [],
                            "glusterfs": [],
                            "host_path": [],
                            "iscsi": [],
                            "local": [],
                            "name": "app-data",
                            "nfs": [],
                            "persistent_volume_claim": [
                              {
                                "claim_name": "flame-app-pvc-claim",
                                "read_only": false
                              }
                            ],
                            "photon_persistent_disk": [],
                            "projected": [],
                            "quobyte": [],
                            "rbd": [],
                            "secret": [],
                            "vsphere_volume": []
                          }
                        ]
                      }
                    ]
                  }
                ],
                "update_strategy": [],
                "volume_claim_template": []
              }
            ],
            "timeouts": null,
            "wait_for_rollout": true
          },
          "sensitive_attributes": [],
          "private": "eyJlMmJmYjczMC1lY2FhLTExZTYtOGY4OC0zNDM2M2JjN2M0YzAiOnsiY3JlYXRlIjo2MDAwMDAwMDAwMDAsImRlbGV0ZSI6NjAwMDAwMDAwMDAwLCJyZWFkIjo2MDAwMDAwMDAwMDAsInVwZGF0ZSI6NjAwMDAwMDAwMDAwfSwic2NoZW1hX3ZlcnNpb24iOiIxIn0=",
          "dependencies": [
            "kubernetes_secret.app",
            "kubernetes_service_account.app",
            "random_password.admin_password",
            "data.kubernetes_namespace.flame",
            "kubernetes_persistent_volume.app",
            "kubernetes_persistent_volume_claim.app"
          ]
        }
      ]
    },
    {
      "mode": "managed",
      "type": "random_password",
      "name": "admin_password",
      "provider": "provider[\"registry.terraform.io/hashicorp/random\"]",
      "instances": [
        {
          "schema_version": 0,
          "attributes": {
            "id": "none",
            "keepers": null,
            "length": 56,
            "lower": true,
            "min_lower": 0,
            "min_numeric": 0,
            "min_special": 0,
            "min_upper": 0,
            "number": true,
            "override_special": null,
            "result": "9EDnXgc2C5mhmPzOHQ3r53NMUntzVewwiq2LJEp6jJPgLNjbqDntFRkW",
            "special": false,
            "upper": true
          },
          "sensitive_attributes": [],
          "private": "bnVsbA=="
        }
      ]
    }
  ]
}
